
Microsoft Visual Studio Solution File, Format Version 12.00
# Visual Studio Version 17
VisualStudioVersion = 17.11.35219.272
MinimumVisualStudioVersion = 10.0.40219.1
Project("{2150E333-8FDC-42A3-9474-1A3956D46DE8}") = "src", "src", "{0934E38C-D4FD-4347-B40F-CEE724776498}"
EndProject
Project("{2150E333-8FDC-42A3-9474-1A3956D46DE8}") = "Core", "Core", "{D2F3856E-22A2-4695-AF2A-AD594EEBBEA8}"
EndProject
Project("{2150E333-8FDC-42A3-9474-1A3956D46DE8}") = "Infrastructure", "Infrastructure", "{397F38E5-36D0-4C83-B796-BAA64ABB7F17}"
EndProject
Project("{2150E333-8FDC-42A3-9474-1A3956D46DE8}") = "Presentation", "Presentation", "{E30B1D4F-28A4-48FC-A2E8-A793CDB650B4}"
EndProject
Project("{9A19103F-16F7-4668-BE54-9A1E7A4F7556}") = "BTG.Application", "BTG.Application\BTG.Application.csproj", "{9D07B547-4D2F-4E2A-B337-BA7C9BC454A6}"
EndProject
Project("{9A19103F-16F7-4668-BE54-9A1E7A4F7556}") = "BTG.Domain", "BTG.Domain\BTG.Domain.csproj", "{1312D278-01F2-4ECC-9FF1-6647AC1E5553}"
EndProject
Project("{9A19103F-16F7-4668-BE54-9A1E7A4F7556}") = "BTG.Persistence", "BTG.Persistence\BTG.Persistence.csproj", "{ADEFB395-1CE2-4E05-9ABA-71E6C1461146}"
EndProject
Project("{9A19103F-16F7-4668-BE54-9A1E7A4F7556}") = "BTG.Shared", "BTG.Shared\BTG.Shared.csproj", "{7D940266-F0A0-4CFC-B16D-E5D179EDFCC3}"
EndProject
Project("{9A19103F-16F7-4668-BE54-9A1E7A4F7556}") = "BTG.Api", "BTG.Api\BTG.Api.csproj", "{965B552F-5C3C-4A21-9DF5-05F8875D9736}"
	ProjectSection(ProjectDependencies) = postProject
		{ADEFB395-1CE2-4E05-9ABA-71E6C1461146} = {ADEFB395-1CE2-4E05-9ABA-71E6C1461146}
	EndProjectSection
EndProject
Global
	GlobalSection(SolutionConfigurationPlatforms) = preSolution
		Debug|Any CPU = Debug|Any CPU
		Release|Any CPU = Release|Any CPU
	EndGlobalSection
	GlobalSection(ProjectConfigurationPlatforms) = postSolution
		{9D07B547-4D2F-4E2A-B337-BA7C9BC454A6}.Debug|Any CPU.ActiveCfg = Debug|Any CPU
		{9D07B547-4D2F-4E2A-B337-BA7C9BC454A6}.Debug|Any CPU.Build.0 = Debug|Any CPU
		{9D07B547-4D2F-4E2A-B337-BA7C9BC454A6}.Release|Any CPU.ActiveCfg = Release|Any CPU
		{9D07B547-4D2F-4E2A-B337-BA7C9BC454A6}.Release|Any CPU.Build.0 = Release|Any CPU
		{1312D278-01F2-4ECC-9FF1-6647AC1E5553}.Debug|Any CPU.ActiveCfg = Debug|Any CPU
		{1312D278-01F2-4ECC-9FF1-6647AC1E5553}.Debug|Any CPU.Build.0 = Debug|Any CPU
		{1312D278-01F2-4ECC-9FF1-6647AC1E5553}.Release|Any CPU.ActiveCfg = Release|Any CPU
		{1312D278-01F2-4ECC-9FF1-6647AC1E5553}.Release|Any CPU.Build.0 = Release|Any CPU
		{ADEFB395-1CE2-4E05-9ABA-71E6C1461146}.Debug|Any CPU.ActiveCfg = Debug|Any CPU
		{ADEFB395-1CE2-4E05-9ABA-71E6C1461146}.Debug|Any CPU.Build.0 = Debug|Any CPU
		{ADEFB395-1CE2-4E05-9ABA-71E6C1461146}.Release|Any CPU.ActiveCfg = Release|Any CPU
		{ADEFB395-1CE2-4E05-9ABA-71E6C1461146}.Release|Any CPU.Build.0 = Release|Any CPU
		{7D940266-F0A0-4CFC-B16D-E5D179EDFCC3}.Debug|Any CPU.ActiveCfg = Debug|Any CPU
		{7D940266-F0A0-4CFC-B16D-E5D179EDFCC3}.Debug|Any CPU.Build.0 = Debug|Any CPU
		{7D940266-F0A0-4CFC-B16D-E5D179EDFCC3}.Release|Any CPU.ActiveCfg = Release|Any CPU
		{7D940266-F0A0-4CFC-B16D-E5D179EDFCC3}.Release|Any CPU.Build.0 = Release|Any CPU
		{965B552F-5C3C-4A21-9DF5-05F8875D9736}.Debug|Any CPU.ActiveCfg = Debug|Any CPU
		{965B552F-5C3C-4A21-9DF5-05F8875D9736}.Debug|Any CPU.Build.0 = Debug|Any CPU
		{965B552F-5C3C-4A21-9DF5-05F8875D9736}.Release|Any CPU.ActiveCfg = Release|Any CPU
		{965B552F-5C3C-4A21-9DF5-05F8875D9736}.Release|Any CPU.Build.0 = Release|Any CPU
	EndGlobalSection
	GlobalSection(SolutionProperties) = preSolution
		HideSolutionNode = FALSE
	EndGlobalSection
	GlobalSection(NestedProjects) = preSolution
		{D2F3856E-22A2-4695-AF2A-AD594EEBBEA8} = {0934E38C-D4FD-4347-B40F-CEE724776498}
		{397F38E5-36D0-4C83-B796-BAA64ABB7F17} = {0934E38C-D4FD-4347-B40F-CEE724776498}
		{E30B1D4F-28A4-48FC-A2E8-A793CDB650B4} = {0934E38C-D4FD-4347-B40F-CEE724776498}
		{9D07B547-4D2F-4E2A-B337-BA7C9BC454A6} = {D2F3856E-22A2-4695-AF2A-AD594EEBBEA8}
		{1312D278-01F2-4ECC-9FF1-6647AC1E5553} = {D2F3856E-22A2-4695-AF2A-AD594EEBBEA8}
		{ADEFB395-1CE2-4E05-9ABA-71E6C1461146} = {397F38E5-36D0-4C83-B796-BAA64ABB7F17}
		{7D940266-F0A0-4CFC-B16D-E5D179EDFCC3} = {397F38E5-36D0-4C83-B796-BAA64ABB7F17}
		{965B552F-5C3C-4A21-9DF5-05F8875D9736} = {E30B1D4F-28A4-48FC-A2E8-A793CDB650B4}
	EndGlobalSection
	GlobalSection(ExtensibilityGlobals) = postSolution
		SolutionGuid = {BCE42748-4A2E-433A-8183-CE80029BC574}
	EndGlobalSection
EndGlobal
